
Microsoft Visual Studio Solution File, Format Version 12.00
# Visual Studio 15
VisualStudioVersion = 15.0.28307.271
MinimumVisualStudioVersion = 10.0.40219.1
Project("{FAE04EC0-301F-11D3-BF4B-00C04F79EFBC}") = "POS System", "POS System\POS System.csproj", "{79DF5258-A2C5-453A-A543-079CDE4E7259}"
EndProject
Global
	GlobalSection(SolutionConfigurationPlatforms) = preSolution
		Debug|Any CPU = Debug|Any CPU
		Release|Any CPU = Release|Any CPU
	EndGlobalSection
	GlobalSection(ProjectConfigurationPlatforms) = postSolution
		{79DF5258-A2C5-453A-A543-079CDE4E7259}.Debug|Any CPU.ActiveCfg = Debug|Any CPU
		{79DF5258-A2C5-453A-A543-079CDE4E7259}.Debug|Any CPU.Build.0 = Debug|Any CPU
		{79DF5258-A2C5-453A-A543-079CDE4E7259}.Release|Any CPU.ActiveCfg = Release|Any CPU
		{79DF5258-A2C5-453A-A543-079CDE4E7259}.Release|Any CPU.Build.0 = Release|Any CPU
	EndGlobalSection
	GlobalSection(SolutionProperties) = preSolution
		HideSolutionNode = FALSE
	EndGlobalSection
	GlobalSection(ExtensibilityGlobals) = postSolution
		SolutionGuid = {AB05E65C-72DC-46AA-B8BD-735F3310C17C}
	EndGlobalSection
EndGlobal
